
Microsoft Visual Studio Solution File, Format Version 12.00
# Visual Studio Version 16
VisualStudioVersion = 16.0.31424.327
MinimumVisualStudioVersion = 10.0.40219.1
Project("{FAE04EC0-301F-11D3-BF4B-00C04F79EFBC}") = "LtmWpf", "LtmWpf\LtmWpf.csproj", "{1ACCBCA9-E9C7-4AAB-9D3B-182FED0F7601}"
EndProject
Global
	GlobalSection(SolutionConfigurationPlatforms) = preSolution
		Debug|Any CPU = Debug|Any CPU
		Release|Any CPU = Release|Any CPU
	EndGlobalSection
	GlobalSection(ProjectConfigurationPlatforms) = postSolution
		{1ACCBCA9-E9C7-4AAB-9D3B-182FED0F7601}.Debug|Any CPU.ActiveCfg = Debug|Any CPU
		{1ACCBCA9-E9C7-4AAB-9D3B-182FED0F7601}.Debug|Any CPU.Build.0 = Debug|Any CPU
		{1ACCBCA9-E9C7-4AAB-9D3B-182FED0F7601}.Release|Any CPU.ActiveCfg = Release|Any CPU
		{1ACCBCA9-E9C7-4AAB-9D3B-182FED0F7601}.Release|Any CPU.Build.0 = Release|Any CPU
	EndGlobalSection
	GlobalSection(SolutionProperties) = preSolution
		HideSolutionNode = FALSE
	EndGlobalSection
	GlobalSection(ExtensibilityGlobals) = postSolution
		SolutionGuid = {6BA7443D-7558-4769-8EE5-80DFA62664F4}
	EndGlobalSection
EndGlobal
